
Microsoft Visual Studio Solution File, Format Version 12.00
# Visual Studio Version 17
VisualStudioVersion = 17.7.34003.232
MinimumVisualStudioVersion = 10.0.40219.1
Project("{FAE04EC0-301F-11D3-BF4B-00C04F79EFBC}") = "Scaffold2", "Scaffold2\Scaffold2.csproj", "{DD42BC9A-E9BC-4068-9BB7-D5AAD1FF1954}"
EndProject
Global
	GlobalSection(SolutionConfigurationPlatforms) = preSolution
		Debug|Any CPU = Debug|Any CPU
		Release|Any CPU = Release|Any CPU
	EndGlobalSection
	GlobalSection(ProjectConfigurationPlatforms) = postSolution
		{DD42BC9A-E9BC-4068-9BB7-D5AAD1FF1954}.Debug|Any CPU.ActiveCfg = Debug|Any CPU
		{DD42BC9A-E9BC-4068-9BB7-D5AAD1FF1954}.Debug|Any CPU.Build.0 = Debug|Any CPU
		{DD42BC9A-E9BC-4068-9BB7-D5AAD1FF1954}.Release|Any CPU.ActiveCfg = Release|Any CPU
		{DD42BC9A-E9BC-4068-9BB7-D5AAD1FF1954}.Release|Any CPU.Build.0 = Release|Any CPU
	EndGlobalSection
	GlobalSection(SolutionProperties) = preSolution
		HideSolutionNode = FALSE
	EndGlobalSection
	GlobalSection(ExtensibilityGlobals) = postSolution
		SolutionGuid = {D454A5BD-D0B5-4241-9D92-442DA5D1F175}
	EndGlobalSection
EndGlobal
